
Microsoft Visual Studio Solution File, Format Version 12.00
# Visual Studio Version 17
VisualStudioVersion = 17.1.31903.286
MinimumVisualStudioVersion = 10.0.40219.1
Project("{9A19103F-16F7-4668-BE54-9A1E7A4F7556}") = "NitroxCalculator", "NitroxCalculator\NitroxCalculator.csproj", "{9E24DACF-64EB-4114-B2B2-DE550FD47DF7}"
EndProject
Project("{9A19103F-16F7-4668-BE54-9A1E7A4F7556}") = "NitroxAndTrimixCalculatorLibrary", "NitroxandTrimixCalculatorLibrary\NitroxAndTrimixCalculatorLibrary.csproj", "{14D90A01-427B-4C09-BB6F-92253304C482}"
EndProject
Project("{9A19103F-16F7-4668-BE54-9A1E7A4F7556}") = "NitroxAndTrimixCalculatorTests", "NitroxAndTrimixCalculatorTests\NitroxAndTrimixCalculatorTests.csproj", "{8AA8E2DD-C4E2-4837-B7DC-0C1C76E47A75}"
EndProject
Project("{2150E333-8FDC-42A3-9474-1A3956D46DE8}") = "Library", "Library", "{E80C9A94-4C54-4BC7-8C2B-1095BA673DD2}"
EndProject
Project("{2150E333-8FDC-42A3-9474-1A3956D46DE8}") = "Apps", "Apps", "{24C885C9-CCE1-406B-9940-C802C62B91C5}"
EndProject
Project("{2150E333-8FDC-42A3-9474-1A3956D46DE8}") = "Tests", "Tests", "{D7D4DA9B-B79E-4C3A-8624-1116F8A6AB2D}"
EndProject
Project("{2150E333-8FDC-42A3-9474-1A3956D46DE8}") = "Installers", "Installers", "{8002E9D9-3AEF-4098-B4B5-298E3182F061}"
EndProject
Project("{54435603-DBB4-11D2-8724-00A0C9A8B90C}") = "Nitrox Calculator Installer", "Nitrox Calculator Installer\Nitrox Calculator Installer.vdproj", "{43C42193-368F-40BC-BFFE-630C3014B6CA}"
EndProject
Project("{FAE04EC0-301F-11D3-BF4B-00C04F79EFBC}") = "NitroxCalculatorMobile.Android", "NitroxCalculatorMobile\NitroxCalculatorMobile.Android\NitroxCalculatorMobile.Android.csproj", "{16473389-EBAF-46A6-92B7-4781DDE9BA37}"
EndProject
Project("{FAE04EC0-301F-11D3-BF4B-00C04F79EFBC}") = "NitroxCalculatorMobile.iOS", "NitroxCalculatorMobile\NitroxCalculatorMobile.iOS\NitroxCalculatorMobile.iOS.csproj", "{30AFD9AD-9412-40B1-ADE7-61AB8549951C}"
EndProject
Project("{9A19103F-16F7-4668-BE54-9A1E7A4F7556}") = "NitroxCalculatorMobile", "NitroxCalculatorMobile\NitroxCalculatorMobile\NitroxCalculatorMobile.csproj", "{77AD2BF6-299F-45C9-AC7C-1F6D92A13B94}"
EndProject
Project("{2150E333-8FDC-42A3-9474-1A3956D46DE8}") = "Xamarin", "Xamarin", "{42C8AFFE-11E0-40A1-9C7A-B225DF3E89A6}"
EndProject
Project("{2150E333-8FDC-42A3-9474-1A3956D46DE8}") = "WPF", "WPF", "{CB7EBEE6-1071-40AE-8BE3-CEFC384C2AA2}"
EndProject
Project("{2150E333-8FDC-42A3-9474-1A3956D46DE8}") = "Maui", "Maui", "{0B019D74-A70A-4F89-B992-70FC2657E98A}"
EndProject
Project("{9A19103F-16F7-4668-BE54-9A1E7A4F7556}") = "NitroxCalcMaui", "NitroxCalcuMaui\NitroxCalcMaui.csproj", "{7018D0E2-0E83-4BE5-9FCA-CD5B3BBF0061}"
EndProject
Global
	GlobalSection(SolutionConfigurationPlatforms) = preSolution
		Debug|Any CPU = Debug|Any CPU
		Debug|iPhone = Debug|iPhone
		Debug|iPhoneSimulator = Debug|iPhoneSimulator
		Release|Any CPU = Release|Any CPU
		Release|iPhone = Release|iPhone
		Release|iPhoneSimulator = Release|iPhoneSimulator
	EndGlobalSection
	GlobalSection(ProjectConfigurationPlatforms) = postSolution
		{9E24DACF-64EB-4114-B2B2-DE550FD47DF7}.Debug|Any CPU.ActiveCfg = Debug|Any CPU
		{9E24DACF-64EB-4114-B2B2-DE550FD47DF7}.Debug|Any CPU.Build.0 = Debug|Any CPU
		{9E24DACF-64EB-4114-B2B2-DE550FD47DF7}.Debug|iPhone.ActiveCfg = Debug|Any CPU
		{9E24DACF-64EB-4114-B2B2-DE550FD47DF7}.Debug|iPhone.Build.0 = Debug|Any CPU
		{9E24DACF-64EB-4114-B2B2-DE550FD47DF7}.Debug|iPhoneSimulator.ActiveCfg = Debug|Any CPU
		{9E24DACF-64EB-4114-B2B2-DE550FD47DF7}.Debug|iPhoneSimulator.Build.0 = Debug|Any CPU
		{9E24DACF-64EB-4114-B2B2-DE550FD47DF7}.Release|Any CPU.ActiveCfg = Release|Any CPU
		{9E24DACF-64EB-4114-B2B2-DE550FD47DF7}.Release|Any CPU.Build.0 = Release|Any CPU
		{9E24DACF-64EB-4114-B2B2-DE550FD47DF7}.Release|iPhone.ActiveCfg = Release|Any CPU
		{9E24DACF-64EB-4114-B2B2-DE550FD47DF7}.Release|iPhone.Build.0 = Release|Any CPU
		{9E24DACF-64EB-4114-B2B2-DE550FD47DF7}.Release|iPhoneSimulator.ActiveCfg = Release|Any CPU
		{9E24DACF-64EB-4114-B2B2-DE550FD47DF7}.Release|iPhoneSimulator.Build.0 = Release|Any CPU
		{14D90A01-427B-4C09-BB6F-92253304C482}.Debug|Any CPU.ActiveCfg = Debug|Any CPU
		{14D90A01-427B-4C09-BB6F-92253304C482}.Debug|Any CPU.Build.0 = Debug|Any CPU
		{14D90A01-427B-4C09-BB6F-92253304C482}.Debug|iPhone.ActiveCfg = Debug|Any CPU
		{14D90A01-427B-4C09-BB6F-92253304C482}.Debug|iPhone.Build.0 = Debug|Any CPU
		{14D90A01-427B-4C09-BB6F-92253304C482}.Debug|iPhoneSimulator.ActiveCfg = Debug|Any CPU
		{14D90A01-427B-4C09-BB6F-92253304C482}.Debug|iPhoneSimulator.Build.0 = Debug|Any CPU
		{14D90A01-427B-4C09-BB6F-92253304C482}.Release|Any CPU.ActiveCfg = Release|Any CPU
		{14D90A01-427B-4C09-BB6F-92253304C482}.Release|Any CPU.Build.0 = Release|Any CPU
		{14D90A01-427B-4C09-BB6F-92253304C482}.Release|iPhone.ActiveCfg = Release|Any CPU
		{14D90A01-427B-4C09-BB6F-92253304C482}.Release|iPhone.Build.0 = Release|Any CPU
		{14D90A01-427B-4C09-BB6F-92253304C482}.Release|iPhoneSimulator.ActiveCfg = Release|Any CPU
		{14D90A01-427B-4C09-BB6F-92253304C482}.Release|iPhoneSimulator.Build.0 = Release|Any CPU
		{8AA8E2DD-C4E2-4837-B7DC-0C1C76E47A75}.Debug|Any CPU.ActiveCfg = Debug|Any CPU
		{8AA8E2DD-C4E2-4837-B7DC-0C1C76E47A75}.Debug|Any CPU.Build.0 = Debug|Any CPU
		{8AA8E2DD-C4E2-4837-B7DC-0C1C76E47A75}.Debug|iPhone.ActiveCfg = Debug|Any CPU
		{8AA8E2DD-C4E2-4837-B7DC-0C1C76E47A75}.Debug|iPhone.Build.0 = Debug|Any CPU
		{8AA8E2DD-C4E2-4837-B7DC-0C1C76E47A75}.Debug|iPhoneSimulator.ActiveCfg = Debug|Any CPU
		{8AA8E2DD-C4E2-4837-B7DC-0C1C76E47A75}.Debug|iPhoneSimulator.Build.0 = Debug|Any CPU
		{8AA8E2DD-C4E2-4837-B7DC-0C1C76E47A75}.Release|Any CPU.ActiveCfg = Release|Any CPU
		{8AA8E2DD-C4E2-4837-B7DC-0C1C76E47A75}.Release|Any CPU.Build.0 = Release|Any CPU
		{8AA8E2DD-C4E2-4837-B7DC-0C1C76E47A75}.Release|iPhone.ActiveCfg = Release|Any CPU
		{8AA8E2DD-C4E2-4837-B7DC-0C1C76E47A75}.Release|iPhone.Build.0 = Release|Any CPU
		{8AA8E2DD-C4E2-4837-B7DC-0C1C76E47A75}.Release|iPhoneSimulator.ActiveCfg = Release|Any CPU
		{8AA8E2DD-C4E2-4837-B7DC-0C1C76E47A75}.Release|iPhoneSimulator.Build.0 = Release|Any CPU
		{43C42193-368F-40BC-BFFE-630C3014B6CA}.Debug|Any CPU.ActiveCfg = Debug
		{43C42193-368F-40BC-BFFE-630C3014B6CA}.Debug|iPhone.ActiveCfg = Debug
		{43C42193-368F-40BC-BFFE-630C3014B6CA}.Debug|iPhoneSimulator.ActiveCfg = Debug
		{43C42193-368F-40BC-BFFE-630C3014B6CA}.Release|Any CPU.ActiveCfg = Release
		{43C42193-368F-40BC-BFFE-630C3014B6CA}.Release|iPhone.ActiveCfg = Release
		{43C42193-368F-40BC-BFFE-630C3014B6CA}.Release|iPhoneSimulator.ActiveCfg = Release
		{16473389-EBAF-46A6-92B7-4781DDE9BA37}.Debug|Any CPU.ActiveCfg = Debug|Any CPU
		{16473389-EBAF-46A6-92B7-4781DDE9BA37}.Debug|Any CPU.Build.0 = Debug|Any CPU
		{16473389-EBAF-46A6-92B7-4781DDE9BA37}.Debug|Any CPU.Deploy.0 = Debug|Any CPU
		{16473389-EBAF-46A6-92B7-4781DDE9BA37}.Debug|iPhone.ActiveCfg = Debug|Any CPU
		{16473389-EBAF-46A6-92B7-4781DDE9BA37}.Debug|iPhone.Build.0 = Debug|Any CPU
		{16473389-EBAF-46A6-92B7-4781DDE9BA37}.Debug|iPhone.Deploy.0 = Debug|Any CPU
		{16473389-EBAF-46A6-92B7-4781DDE9BA37}.Debug|iPhoneSimulator.ActiveCfg = Debug|Any CPU
		{16473389-EBAF-46A6-92B7-4781DDE9BA37}.Debug|iPhoneSimulator.Build.0 = Debug|Any CPU
		{16473389-EBAF-46A6-92B7-4781DDE9BA37}.Debug|iPhoneSimulator.Deploy.0 = Debug|Any CPU
		{16473389-EBAF-46A6-92B7-4781DDE9BA37}.Release|Any CPU.ActiveCfg = Release|Any CPU
		{16473389-EBAF-46A6-92B7-4781DDE9BA37}.Release|Any CPU.Build.0 = Release|Any CPU
		{16473389-EBAF-46A6-92B7-4781DDE9BA37}.Release|Any CPU.Deploy.0 = Release|Any CPU
		{16473389-EBAF-46A6-92B7-4781DDE9BA37}.Release|iPhone.ActiveCfg = Release|Any CPU
		{16473389-EBAF-46A6-92B7-4781DDE9BA37}.Release|iPhone.Build.0 = Release|Any CPU
		{16473389-EBAF-46A6-92B7-4781DDE9BA37}.Release|iPhone.Deploy.0 = Release|Any CPU
		{16473389-EBAF-46A6-92B7-4781DDE9BA37}.Release|iPhoneSimulator.ActiveCfg = Release|Any CPU
		{16473389-EBAF-46A6-92B7-4781DDE9BA37}.Release|iPhoneSimulator.Build.0 = Release|Any CPU
		{16473389-EBAF-46A6-92B7-4781DDE9BA37}.Release|iPhoneSimulator.Deploy.0 = Release|Any CPU
		{30AFD9AD-9412-40B1-ADE7-61AB8549951C}.Debug|Any CPU.ActiveCfg = Debug|iPhoneSimulator
		{30AFD9AD-9412-40B1-ADE7-61AB8549951C}.Debug|iPhone.ActiveCfg = Debug|iPhone
		{30AFD9AD-9412-40B1-ADE7-61AB8549951C}.Debug|iPhone.Build.0 = Debug|iPhone
		{30AFD9AD-9412-40B1-ADE7-61AB8549951C}.Debug|iPhoneSimulator.ActiveCfg = Debug|iPhoneSimulator
		{30AFD9AD-9412-40B1-ADE7-61AB8549951C}.Debug|iPhoneSimulator.Build.0 = Debug|iPhoneSimulator
		{30AFD9AD-9412-40B1-ADE7-61AB8549951C}.Release|Any CPU.ActiveCfg = Release|iPhoneSimulator
		{30AFD9AD-9412-40B1-ADE7-61AB8549951C}.Release|iPhone.ActiveCfg = Release|iPhone
		{30AFD9AD-9412-40B1-ADE7-61AB8549951C}.Release|iPhone.Build.0 = Release|iPhone
		{30AFD9AD-9412-40B1-ADE7-61AB8549951C}.Release|iPhoneSimulator.ActiveCfg = Release|iPhoneSimulator
		{30AFD9AD-9412-40B1-ADE7-61AB8549951C}.Release|iPhoneSimulator.Build.0 = Release|iPhoneSimulator
		{77AD2BF6-299F-45C9-AC7C-1F6D92A13B94}.Debug|Any CPU.ActiveCfg = Debug|Any CPU
		{77AD2BF6-299F-45C9-AC7C-1F6D92A13B94}.Debug|Any CPU.Build.0 = Debug|Any CPU
		{77AD2BF6-299F-45C9-AC7C-1F6D92A13B94}.Debug|iPhone.ActiveCfg = Debug|Any CPU
		{77AD2BF6-299F-45C9-AC7C-1F6D92A13B94}.Debug|iPhone.Build.0 = Debug|Any CPU
		{77AD2BF6-299F-45C9-AC7C-1F6D92A13B94}.Debug|iPhoneSimulator.ActiveCfg = Debug|Any CPU
		{77AD2BF6-299F-45C9-AC7C-1F6D92A13B94}.Debug|iPhoneSimulator.Build.0 = Debug|Any CPU
		{77AD2BF6-299F-45C9-AC7C-1F6D92A13B94}.Release|Any CPU.ActiveCfg = Release|Any CPU
		{77AD2BF6-299F-45C9-AC7C-1F6D92A13B94}.Release|Any CPU.Build.0 = Release|Any CPU
		{77AD2BF6-299F-45C9-AC7C-1F6D92A13B94}.Release|iPhone.ActiveCfg = Release|Any CPU
		{77AD2BF6-299F-45C9-AC7C-1F6D92A13B94}.Release|iPhone.Build.0 = Release|Any CPU
		{77AD2BF6-299F-45C9-AC7C-1F6D92A13B94}.Release|iPhoneSimulator.ActiveCfg = Release|Any CPU
		{77AD2BF6-299F-45C9-AC7C-1F6D92A13B94}.Release|iPhoneSimulator.Build.0 = Release|Any CPU
		{7018D0E2-0E83-4BE5-9FCA-CD5B3BBF0061}.Debug|Any CPU.ActiveCfg = Debug|Any CPU
		{7018D0E2-0E83-4BE5-9FCA-CD5B3BBF0061}.Debug|Any CPU.Build.0 = Debug|Any CPU
		{7018D0E2-0E83-4BE5-9FCA-CD5B3BBF0061}.Debug|Any CPU.Deploy.0 = Debug|Any CPU
		{7018D0E2-0E83-4BE5-9FCA-CD5B3BBF0061}.Debug|iPhone.ActiveCfg = Debug|Any CPU
		{7018D0E2-0E83-4BE5-9FCA-CD5B3BBF0061}.Debug|iPhone.Build.0 = Debug|Any CPU
		{7018D0E2-0E83-4BE5-9FCA-CD5B3BBF0061}.Debug|iPhone.Deploy.0 = Debug|Any CPU
		{7018D0E2-0E83-4BE5-9FCA-CD5B3BBF0061}.Debug|iPhoneSimulator.ActiveCfg = Debug|Any CPU
		{7018D0E2-0E83-4BE5-9FCA-CD5B3BBF0061}.Debug|iPhoneSimulator.Build.0 = Debug|Any CPU
		{7018D0E2-0E83-4BE5-9FCA-CD5B3BBF0061}.Debug|iPhoneSimulator.Deploy.0 = Debug|Any CPU
		{7018D0E2-0E83-4BE5-9FCA-CD5B3BBF0061}.Release|Any CPU.ActiveCfg = Release|Any CPU
		{7018D0E2-0E83-4BE5-9FCA-CD5B3BBF0061}.Release|Any CPU.Build.0 = Release|Any CPU
		{7018D0E2-0E83-4BE5-9FCA-CD5B3BBF0061}.Release|iPhone.ActiveCfg = Release|Any CPU
		{7018D0E2-0E83-4BE5-9FCA-CD5B3BBF0061}.Release|iPhone.Build.0 = Release|Any CPU
		{7018D0E2-0E83-4BE5-9FCA-CD5B3BBF0061}.Release|iPhoneSimulator.ActiveCfg = Release|Any CPU
		{7018D0E2-0E83-4BE5-9FCA-CD5B3BBF0061}.Release|iPhoneSimulator.Build.0 = Release|Any CPU
	EndGlobalSection
	GlobalSection(SolutionProperties) = preSolution
		HideSolutionNode = FALSE
	EndGlobalSection
	GlobalSection(NestedProjects) = preSolution
		{9E24DACF-64EB-4114-B2B2-DE550FD47DF7} = {CB7EBEE6-1071-40AE-8BE3-CEFC384C2AA2}
		{14D90A01-427B-4C09-BB6F-92253304C482} = {E80C9A94-4C54-4BC7-8C2B-1095BA673DD2}
		{8AA8E2DD-C4E2-4837-B7DC-0C1C76E47A75} = {D7D4DA9B-B79E-4C3A-8624-1116F8A6AB2D}
		{43C42193-368F-40BC-BFFE-630C3014B6CA} = {8002E9D9-3AEF-4098-B4B5-298E3182F061}
		{16473389-EBAF-46A6-92B7-4781DDE9BA37} = {42C8AFFE-11E0-40A1-9C7A-B225DF3E89A6}
		{30AFD9AD-9412-40B1-ADE7-61AB8549951C} = {42C8AFFE-11E0-40A1-9C7A-B225DF3E89A6}
		{77AD2BF6-299F-45C9-AC7C-1F6D92A13B94} = {42C8AFFE-11E0-40A1-9C7A-B225DF3E89A6}
		{42C8AFFE-11E0-40A1-9C7A-B225DF3E89A6} = {24C885C9-CCE1-406B-9940-C802C62B91C5}
		{CB7EBEE6-1071-40AE-8BE3-CEFC384C2AA2} = {24C885C9-CCE1-406B-9940-C802C62B91C5}
		{0B019D74-A70A-4F89-B992-70FC2657E98A} = {24C885C9-CCE1-406B-9940-C802C62B91C5}
		{7018D0E2-0E83-4BE5-9FCA-CD5B3BBF0061} = {0B019D74-A70A-4F89-B992-70FC2657E98A}
	EndGlobalSection
	GlobalSection(ExtensibilityGlobals) = postSolution
		SolutionGuid = {7905896D-4236-4C5A-A6FC-E802D85FFE8D}
	EndGlobalSection
EndGlobal
