
Microsoft Visual Studio Solution File, Format Version 12.00
# Visual Studio Version 17
VisualStudioVersion = 17.1.31903.286
MinimumVisualStudioVersion = 10.0.40219.1
Project("{9A19103F-16F7-4668-BE54-9A1E7A4F7556}") = "NitroxCalculator", "NitroxCalculator\NitroxCalculator.csproj", "{9E24DACF-64EB-4114-B2B2-DE550FD47DF7}"
EndProject
Project("{9A19103F-16F7-4668-BE54-9A1E7A4F7556}") = "NitroxAndTrimixCalculatorLibrary", "NitroxandTrimixCalculatorLibrary\NitroxAndTrimixCalculatorLibrary.csproj", "{14D90A01-427B-4C09-BB6F-92253304C482}"
EndProject
Project("{9A19103F-16F7-4668-BE54-9A1E7A4F7556}") = "NitroxAndTrimixCalculatorTests", "NitroxAndTrimixCalculatorTests\NitroxAndTrimixCalculatorTests.csproj", "{8AA8E2DD-C4E2-4837-B7DC-0C1C76E47A75}"
EndProject
Project("{2150E333-8FDC-42A3-9474-1A3956D46DE8}") = "Library", "Library", "{E80C9A94-4C54-4BC7-8C2B-1095BA673DD2}"
EndProject
Project("{2150E333-8FDC-42A3-9474-1A3956D46DE8}") = "Apps", "Apps", "{24C885C9-CCE1-406B-9940-C802C62B91C5}"
EndProject
Project("{2150E333-8FDC-42A3-9474-1A3956D46DE8}") = "Tests", "Tests", "{D7D4DA9B-B79E-4C3A-8624-1116F8A6AB2D}"
EndProject
Project("{2150E333-8FDC-42A3-9474-1A3956D46DE8}") = "Installers", "Installers", "{8002E9D9-3AEF-4098-B4B5-298E3182F061}"
EndProject
Project("{54435603-DBB4-11D2-8724-00A0C9A8B90C}") = "Nitrox Calculator Installer", "Nitrox Calculator Installer\Nitrox Calculator Installer.vdproj", "{43C42193-368F-40BC-BFFE-630C3014B6CA}"
EndProject
Project("{2150E333-8FDC-42A3-9474-1A3956D46DE8}") = "WPF", "WPF", "{CB7EBEE6-1071-40AE-8BE3-CEFC384C2AA2}"
EndProject
Project("{2150E333-8FDC-42A3-9474-1A3956D46DE8}") = "Maui", "Maui", "{0B019D74-A70A-4F89-B992-70FC2657E98A}"
EndProject
Project("{9A19103F-16F7-4668-BE54-9A1E7A4F7556}") = "NitroxCalculatorMaui", "NitroxCalculatorMaui\NitroxCalculatorMaui.csproj", "{CD0A183A-086C-4B82-B156-ACCB7343339F}"
EndProject
Global
	GlobalSection(SolutionConfigurationPlatforms) = preSolution
		Debug|Any CPU = Debug|Any CPU
		Debug|iPhone = Debug|iPhone
		Debug|iPhoneSimulator = Debug|iPhoneSimulator
		Release|Any CPU = Release|Any CPU
		Release|iPhone = Release|iPhone
		Release|iPhoneSimulator = Release|iPhoneSimulator
	EndGlobalSection
	GlobalSection(ProjectConfigurationPlatforms) = postSolution
		{9E24DACF-64EB-4114-B2B2-DE550FD47DF7}.Debug|Any CPU.ActiveCfg = Debug|Any CPU
		{9E24DACF-64EB-4114-B2B2-DE550FD47DF7}.Debug|Any CPU.Build.0 = Debug|Any CPU
		{9E24DACF-64EB-4114-B2B2-DE550FD47DF7}.Debug|iPhone.ActiveCfg = Debug|Any CPU
		{9E24DACF-64EB-4114-B2B2-DE550FD47DF7}.Debug|iPhone.Build.0 = Debug|Any CPU
		{9E24DACF-64EB-4114-B2B2-DE550FD47DF7}.Debug|iPhoneSimulator.ActiveCfg = Debug|Any CPU
		{9E24DACF-64EB-4114-B2B2-DE550FD47DF7}.Debug|iPhoneSimulator.Build.0 = Debug|Any CPU
		{9E24DACF-64EB-4114-B2B2-DE550FD47DF7}.Release|Any CPU.ActiveCfg = Release|Any CPU
		{9E24DACF-64EB-4114-B2B2-DE550FD47DF7}.Release|Any CPU.Build.0 = Release|Any CPU
		{9E24DACF-64EB-4114-B2B2-DE550FD47DF7}.Release|iPhone.ActiveCfg = Release|Any CPU
		{9E24DACF-64EB-4114-B2B2-DE550FD47DF7}.Release|iPhone.Build.0 = Release|Any CPU
		{9E24DACF-64EB-4114-B2B2-DE550FD47DF7}.Release|iPhoneSimulator.ActiveCfg = Release|Any CPU
		{9E24DACF-64EB-4114-B2B2-DE550FD47DF7}.Release|iPhoneSimulator.Build.0 = Release|Any CPU
		{14D90A01-427B-4C09-BB6F-92253304C482}.Debug|Any CPU.ActiveCfg = Debug|Any CPU
		{14D90A01-427B-4C09-BB6F-92253304C482}.Debug|Any CPU.Build.0 = Debug|Any CPU
		{14D90A01-427B-4C09-BB6F-92253304C482}.Debug|iPhone.ActiveCfg = Debug|Any CPU
		{14D90A01-427B-4C09-BB6F-92253304C482}.Debug|iPhone.Build.0 = Debug|Any CPU
		{14D90A01-427B-4C09-BB6F-92253304C482}.Debug|iPhoneSimulator.ActiveCfg = Debug|Any CPU
		{14D90A01-427B-4C09-BB6F-92253304C482}.Debug|iPhoneSimulator.Build.0 = Debug|Any CPU
		{14D90A01-427B-4C09-BB6F-92253304C482}.Release|Any CPU.ActiveCfg = Release|Any CPU
		{14D90A01-427B-4C09-BB6F-92253304C482}.Release|Any CPU.Build.0 = Release|Any CPU
		{14D90A01-427B-4C09-BB6F-92253304C482}.Release|iPhone.ActiveCfg = Release|Any CPU
		{14D90A01-427B-4C09-BB6F-92253304C482}.Release|iPhone.Build.0 = Release|Any CPU
		{14D90A01-427B-4C09-BB6F-92253304C482}.Release|iPhoneSimulator.ActiveCfg = Release|Any CPU
		{14D90A01-427B-4C09-BB6F-92253304C482}.Release|iPhoneSimulator.Build.0 = Release|Any CPU
		{8AA8E2DD-C4E2-4837-B7DC-0C1C76E47A75}.Debug|Any CPU.ActiveCfg = Debug|Any CPU
		{8AA8E2DD-C4E2-4837-B7DC-0C1C76E47A75}.Debug|Any CPU.Build.0 = Debug|Any CPU
		{8AA8E2DD-C4E2-4837-B7DC-0C1C76E47A75}.Debug|iPhone.ActiveCfg = Debug|Any CPU
		{8AA8E2DD-C4E2-4837-B7DC-0C1C76E47A75}.Debug|iPhone.Build.0 = Debug|Any CPU
		{8AA8E2DD-C4E2-4837-B7DC-0C1C76E47A75}.Debug|iPhoneSimulator.ActiveCfg = Debug|Any CPU
		{8AA8E2DD-C4E2-4837-B7DC-0C1C76E47A75}.Debug|iPhoneSimulator.Build.0 = Debug|Any CPU
		{8AA8E2DD-C4E2-4837-B7DC-0C1C76E47A75}.Release|Any CPU.ActiveCfg = Release|Any CPU
		{8AA8E2DD-C4E2-4837-B7DC-0C1C76E47A75}.Release|Any CPU.Build.0 = Release|Any CPU
		{8AA8E2DD-C4E2-4837-B7DC-0C1C76E47A75}.Release|iPhone.ActiveCfg = Release|Any CPU
		{8AA8E2DD-C4E2-4837-B7DC-0C1C76E47A75}.Release|iPhone.Build.0 = Release|Any CPU
		{8AA8E2DD-C4E2-4837-B7DC-0C1C76E47A75}.Release|iPhoneSimulator.ActiveCfg = Release|Any CPU
		{8AA8E2DD-C4E2-4837-B7DC-0C1C76E47A75}.Release|iPhoneSimulator.Build.0 = Release|Any CPU
		{43C42193-368F-40BC-BFFE-630C3014B6CA}.Debug|Any CPU.ActiveCfg = Debug
		{43C42193-368F-40BC-BFFE-630C3014B6CA}.Debug|iPhone.ActiveCfg = Debug
		{43C42193-368F-40BC-BFFE-630C3014B6CA}.Debug|iPhoneSimulator.ActiveCfg = Debug
		{43C42193-368F-40BC-BFFE-630C3014B6CA}.Release|Any CPU.ActiveCfg = Release
		{43C42193-368F-40BC-BFFE-630C3014B6CA}.Release|iPhone.ActiveCfg = Release
		{43C42193-368F-40BC-BFFE-630C3014B6CA}.Release|iPhoneSimulator.ActiveCfg = Release
		{CD0A183A-086C-4B82-B156-ACCB7343339F}.Debug|Any CPU.ActiveCfg = Debug|Any CPU
		{CD0A183A-086C-4B82-B156-ACCB7343339F}.Debug|Any CPU.Build.0 = Debug|Any CPU
		{CD0A183A-086C-4B82-B156-ACCB7343339F}.Debug|Any CPU.Deploy.0 = Debug|Any CPU
		{CD0A183A-086C-4B82-B156-ACCB7343339F}.Debug|iPhone.ActiveCfg = Debug|Any CPU
		{CD0A183A-086C-4B82-B156-ACCB7343339F}.Debug|iPhone.Build.0 = Debug|Any CPU
		{CD0A183A-086C-4B82-B156-ACCB7343339F}.Debug|iPhone.Deploy.0 = Debug|Any CPU
		{CD0A183A-086C-4B82-B156-ACCB7343339F}.Debug|iPhoneSimulator.ActiveCfg = Debug|Any CPU
		{CD0A183A-086C-4B82-B156-ACCB7343339F}.Debug|iPhoneSimulator.Build.0 = Debug|Any CPU
		{CD0A183A-086C-4B82-B156-ACCB7343339F}.Debug|iPhoneSimulator.Deploy.0 = Debug|Any CPU
		{CD0A183A-086C-4B82-B156-ACCB7343339F}.Release|Any CPU.ActiveCfg = Release|Any CPU
		{CD0A183A-086C-4B82-B156-ACCB7343339F}.Release|Any CPU.Build.0 = Release|Any CPU
		{CD0A183A-086C-4B82-B156-ACCB7343339F}.Release|Any CPU.Deploy.0 = Release|Any CPU
		{CD0A183A-086C-4B82-B156-ACCB7343339F}.Release|iPhone.ActiveCfg = Release|Any CPU
		{CD0A183A-086C-4B82-B156-ACCB7343339F}.Release|iPhone.Build.0 = Release|Any CPU
		{CD0A183A-086C-4B82-B156-ACCB7343339F}.Release|iPhone.Deploy.0 = Release|Any CPU
		{CD0A183A-086C-4B82-B156-ACCB7343339F}.Release|iPhoneSimulator.ActiveCfg = Release|Any CPU
		{CD0A183A-086C-4B82-B156-ACCB7343339F}.Release|iPhoneSimulator.Build.0 = Release|Any CPU
		{CD0A183A-086C-4B82-B156-ACCB7343339F}.Release|iPhoneSimulator.Deploy.0 = Release|Any CPU
	EndGlobalSection
	GlobalSection(SolutionProperties) = preSolution
		HideSolutionNode = FALSE
	EndGlobalSection
	GlobalSection(NestedProjects) = preSolution
		{9E24DACF-64EB-4114-B2B2-DE550FD47DF7} = {CB7EBEE6-1071-40AE-8BE3-CEFC384C2AA2}
		{14D90A01-427B-4C09-BB6F-92253304C482} = {E80C9A94-4C54-4BC7-8C2B-1095BA673DD2}
		{8AA8E2DD-C4E2-4837-B7DC-0C1C76E47A75} = {D7D4DA9B-B79E-4C3A-8624-1116F8A6AB2D}
		{43C42193-368F-40BC-BFFE-630C3014B6CA} = {8002E9D9-3AEF-4098-B4B5-298E3182F061}
		{CB7EBEE6-1071-40AE-8BE3-CEFC384C2AA2} = {24C885C9-CCE1-406B-9940-C802C62B91C5}
		{0B019D74-A70A-4F89-B992-70FC2657E98A} = {24C885C9-CCE1-406B-9940-C802C62B91C5}
		{CD0A183A-086C-4B82-B156-ACCB7343339F} = {0B019D74-A70A-4F89-B992-70FC2657E98A}
	EndGlobalSection
	GlobalSection(ExtensibilityGlobals) = postSolution
		SolutionGuid = {7905896D-4236-4C5A-A6FC-E802D85FFE8D}
	EndGlobalSection
EndGlobal
